
Microsoft Visual Studio Solution File, Format Version 12.00
# Visual Studio Version 16
VisualStudioVersion = 16.0.34031.81
MinimumVisualStudioVersion = 10.0.40219.1
Project("{2150E333-8FDC-42A3-9474-1A3956D46DE8}") = "Task0", "Task0", "{DD3C4036-3DD8-4E88-A94C-785586EFDA52}"
EndProject
Project("{FAE04EC0-301F-11D3-BF4B-00C04F79EFBC}") = "Tyuiu.EgovtsevMN.Sprint4.Task0.V18", "Tyuiu.EgovtsevMN.Sprint4.Task0.V18\Tyuiu.EgovtsevMN.Sprint4.Task0.V18.csproj", "{1021E75E-6260-4794-B956-86E63D2F749C}"
EndProject
Project("{FAE04EC0-301F-11D3-BF4B-00C04F79EFBC}") = "Tyuiu.EgovtsevMN.Sprint4.Task0.V18.Lib", "Tyuiu.EgovtsevMN.Sprint4.Task0.V18.Lib\Tyuiu.EgovtsevMN.Sprint4.Task0.V18.Lib.csproj", "{7418BEB0-A003-4B56-9FF3-BA9F06C87407}"
EndProject
Project("{FAE04EC0-301F-11D3-BF4B-00C04F79EFBC}") = "Tyuiu.EgovtsevMN.Sprint4.Task0.V18.Test", "Tyuiu.EgovtsevMN.Sprint4.Task0.V18.Test\Tyuiu.EgovtsevMN.Sprint4.Task0.V18.Test.csproj", "{F3CD1A4B-A614-4B14-A251-29982B8227E1}"
EndProject
Project("{2150E333-8FDC-42A3-9474-1A3956D46DE8}") = "Task1", "Task1", "{01699F56-ECDC-46B4-8F14-52F1162CC528}"
EndProject
Project("{FAE04EC0-301F-11D3-BF4B-00C04F79EFBC}") = "Tyuiu.EgovtsevMN.Sprint4.Task1.V1", "Tyuiu.EgovtsevMN.Sprint4.Task1.V1\Tyuiu.EgovtsevMN.Sprint4.Task1.V1.csproj", "{430C8503-8926-4D4F-A228-DB0E65B446A0}"
EndProject
Project("{FAE04EC0-301F-11D3-BF4B-00C04F79EFBC}") = "Tyuiu.EgovtsevMN.Sprint4.Task1.V1.Lib", "Tyuiu.EgovtsevMN.Sprint4.Task1.V1.Lib\Tyuiu.EgovtsevMN.Sprint4.Task1.V1.Lib.csproj", "{F58D882B-2381-49EA-B349-7B56925CDA89}"
EndProject
Project("{FAE04EC0-301F-11D3-BF4B-00C04F79EFBC}") = "Tyuiu.EgovtsevMN.Sprint4.Task1.V1.Test", "Tyuiu.EgovtsevMN.Sprint4.Task1.V1.Test\Tyuiu.EgovtsevMN.Sprint4.Task1.V1.Test.csproj", "{03EFC1E7-DA4C-486B-8D8D-807F1EC846A5}"
EndProject
Project("{2150E333-8FDC-42A3-9474-1A3956D46DE8}") = "Task2", "Task2", "{42C35FF9-6226-459B-A3B4-5C518E882496}"
EndProject
Project("{FAE04EC0-301F-11D3-BF4B-00C04F79EFBC}") = "Tyuiu.EgovtsevMN.Sprint4.Task2.V21", "Tyuiu.EgovtsevMN.Sprint4.Task2.V21\Tyuiu.EgovtsevMN.Sprint4.Task2.V21.csproj", "{730DEC91-97CE-45F5-BFF2-12BBE37E95E3}"
EndProject
Project("{FAE04EC0-301F-11D3-BF4B-00C04F79EFBC}") = "Tyuiu.EgovtsevMN.Sprint4.Task2.V21.Lib", "Tyuiu.EgovtsevMN.Sprint4.Task2.V21.Lib\Tyuiu.EgovtsevMN.Sprint4.Task2.V21.Lib.csproj", "{EBFE906B-11FF-4334-A409-5808F4FBEC04}"
EndProject
Project("{FAE04EC0-301F-11D3-BF4B-00C04F79EFBC}") = "Tyuiu.EgovtsevMN.Sprint4.Task2.V21.Test", "Tyuiu.EgovtsevMN.Sprint4.Task2.V21.Test\Tyuiu.EgovtsevMN.Sprint4.Task2.V21.Test.csproj", "{41D10C5C-AD63-493E-AD8E-85F70AF05CD7}"
EndProject
Project("{2150E333-8FDC-42A3-9474-1A3956D46DE8}") = "Task3", "Task3", "{43893CF7-7EB6-4DFD-9B15-0353C89E3876}"
EndProject
Project("{FAE04EC0-301F-11D3-BF4B-00C04F79EFBC}") = "Tyuiu.EgovtsevMN.Sprint4.Task3.V12", "Tyuiu.EgovtsevMN.Sprint4.Task3.V12\Tyuiu.EgovtsevMN.Sprint4.Task3.V12.csproj", "{14BD3135-3C85-409E-A7FF-8C1E0CD2C129}"
EndProject
Project("{FAE04EC0-301F-11D3-BF4B-00C04F79EFBC}") = "Tyuiu.EgovtsevMN.Sprint4.Task3.V12.Lib", "Tyuiu.EgovtsevMN.Sprint4.Task3.V12.Lib\Tyuiu.EgovtsevMN.Sprint4.Task3.V12.Lib.csproj", "{033980D5-4B8D-41CD-B05B-D15165F265B4}"
EndProject
Project("{FAE04EC0-301F-11D3-BF4B-00C04F79EFBC}") = "Tyuiu.EgovtsevMN.Sprint4.Task3.V12.Test", "Tyuiu.EgovtsevMN.Sprint4.Task3.V12.Test\Tyuiu.EgovtsevMN.Sprint4.Task3.V12.Test.csproj", "{03675BAD-C06E-4D5E-B36C-735E672CA2A6}"
EndProject
Project("{2150E333-8FDC-42A3-9474-1A3956D46DE8}") = "Task4", "Task4", "{F8E3ABB3-6B37-4F19-A38F-3BE69C62D067}"
EndProject
Project("{FAE04EC0-301F-11D3-BF4B-00C04F79EFBC}") = "Tyuiu.EgovtsevMN.Sprint4.Task4.V16", "Tyuiu.EgovtsevMN.Sprint4.Task4.V16\Tyuiu.EgovtsevMN.Sprint4.Task4.V16.csproj", "{1590D883-0FA3-4669-9C04-10B4EFD19AD8}"
EndProject
Project("{FAE04EC0-301F-11D3-BF4B-00C04F79EFBC}") = "Tyuiu.EgovtsevMN.Sprint4.Task4.V16.Lib", "Tyuiu.EgovtsevMN.Sprint4.Task4.V16.Lib\Tyuiu.EgovtsevMN.Sprint4.Task4.V16.Lib.csproj", "{E843E243-554F-4F2F-9C26-206CA9254E93}"
EndProject
Project("{FAE04EC0-301F-11D3-BF4B-00C04F79EFBC}") = "Tyuiu.EgovtsevMN.Sprint4.Task4.V16.Test", "Tyuiu.EgovtsevMN.Sprint4.Task4.V16.Test\Tyuiu.EgovtsevMN.Sprint4.Task4.V16.Test.csproj", "{E194A56F-8EC8-4016-BE2F-B9595877DD6F}"
EndProject
Project("{2150E333-8FDC-42A3-9474-1A3956D46DE8}") = "Task5", "Task5", "{0B71ADB7-FAFC-4DDA-A6B8-8B5363E8B6A4}"
EndProject
Project("{FAE04EC0-301F-11D3-BF4B-00C04F79EFBC}") = "Tyuiu.EgovtsevMN.Sprint4.Task5.V20", "Tyuiu.EgovtsevMN.Sprint4.Task5.V20\Tyuiu.EgovtsevMN.Sprint4.Task5.V20.csproj", "{E052BE62-120B-42C2-9DAC-1EC0742C32F5}"
EndProject
Project("{FAE04EC0-301F-11D3-BF4B-00C04F79EFBC}") = "Tyuiu.EgovtsevMN.Sprint4.Task5.V20.Lib", "Tyuiu.EgovtsevMN.Sprint4.Task5.V20.Lib\Tyuiu.EgovtsevMN.Sprint4.Task5.V20.Lib.csproj", "{AB080CBE-67FC-4C53-8CB6-35876DE25E4D}"
EndProject
Project("{FAE04EC0-301F-11D3-BF4B-00C04F79EFBC}") = "Tyuiu.EgovtsevMN.Sprint4.Task5.V20.Test", "Tyuiu.EgovtsevMN.Sprint4.Task5.V20.Test\Tyuiu.EgovtsevMN.Sprint4.Task5.V20.Test.csproj", "{8195EB82-1FA6-4FCC-9531-037BFFEE732B}"
EndProject
Project("{2150E333-8FDC-42A3-9474-1A3956D46DE8}") = "Task6", "Task6", "{1B99E734-7E8E-4B67-80AB-B326448153B6}"
EndProject
Project("{FAE04EC0-301F-11D3-BF4B-00C04F79EFBC}") = "Tyuiu.EgovtsevMN.Sprint4.Task6.V1", "Tyuiu.EgovtsevMN.Sprint4.Task6.V1\Tyuiu.EgovtsevMN.Sprint4.Task6.V1.csproj", "{F1CC17F2-844D-45B1-90E8-91BFE2D44F7A}"
EndProject
Project("{FAE04EC0-301F-11D3-BF4B-00C04F79EFBC}") = "Tyuiu.EgovtsevMN.Sprint4.Task6.V1.Lib", "Tyuiu.EgovtsevMN.Sprint4.Task6.V1.Lib\Tyuiu.EgovtsevMN.Sprint4.Task6.V1.Lib.csproj", "{154990BB-BBF4-414F-907C-DCB70B004434}"
EndProject
Project("{FAE04EC0-301F-11D3-BF4B-00C04F79EFBC}") = "Tyuiu.EgovtsevMN.Sprint4.Task6.V1.Test", "Tyuiu.EgovtsevMN.Sprint4.Task6.V1.Test\Tyuiu.EgovtsevMN.Sprint4.Task6.V1.Test.csproj", "{2AD3ADF6-3C54-42DF-BAE4-DDE5D3CDCF5E}"
EndProject
Project("{2150E333-8FDC-42A3-9474-1A3956D46DE8}") = "Task7", "Task7", "{3847793B-2694-47D6-A899-4C19B581F305}"
EndProject
Project("{FAE04EC0-301F-11D3-BF4B-00C04F79EFBC}") = "Tyuiu.EgovtsevMN.Sprint4.Task7.V18", "Tyuiu.EgovtsevMN.Sprint4.Task7.V18\Tyuiu.EgovtsevMN.Sprint4.Task7.V18.csproj", "{E23DE1C7-A844-41BB-8ABD-4716F8F1169C}"
EndProject
Project("{FAE04EC0-301F-11D3-BF4B-00C04F79EFBC}") = "Tyuiu.EgovtsevMN.Sprint4.Task7.V18.Lib", "Tyuiu.EgovtsevMN.Sprint4.Task7.V18.Lib\Tyuiu.EgovtsevMN.Sprint4.Task7.V18.Lib.csproj", "{86CE4C7B-E294-48C4-B2C1-E3A7C9FA8087}"
EndProject
Project("{FAE04EC0-301F-11D3-BF4B-00C04F79EFBC}") = "Tyuiu.EgovtsevMN.Sprint4.Task7.V18.Test", "Tyuiu.EgovtsevMN.Sprint4.Task7.V18.Test\Tyuiu.EgovtsevMN.Sprint4.Task7.V18.Test.csproj", "{E2FC30D0-8AD5-4C60-B0C4-382B2C12E540}"
EndProject
Global
	GlobalSection(SolutionConfigurationPlatforms) = preSolution
		Debug|Any CPU = Debug|Any CPU
		Release|Any CPU = Release|Any CPU
	EndGlobalSection
	GlobalSection(ProjectConfigurationPlatforms) = postSolution
		{1021E75E-6260-4794-B956-86E63D2F749C}.Debug|Any CPU.ActiveCfg = Debug|Any CPU
		{1021E75E-6260-4794-B956-86E63D2F749C}.Debug|Any CPU.Build.0 = Debug|Any CPU
		{1021E75E-6260-4794-B956-86E63D2F749C}.Release|Any CPU.ActiveCfg = Release|Any CPU
		{1021E75E-6260-4794-B956-86E63D2F749C}.Release|Any CPU.Build.0 = Release|Any CPU
		{7418BEB0-A003-4B56-9FF3-BA9F06C87407}.Debug|Any CPU.ActiveCfg = Debug|Any CPU
		{7418BEB0-A003-4B56-9FF3-BA9F06C87407}.Debug|Any CPU.Build.0 = Debug|Any CPU
		{7418BEB0-A003-4B56-9FF3-BA9F06C87407}.Release|Any CPU.ActiveCfg = Release|Any CPU
		{7418BEB0-A003-4B56-9FF3-BA9F06C87407}.Release|Any CPU.Build.0 = Release|Any CPU
		{F3CD1A4B-A614-4B14-A251-29982B8227E1}.Debug|Any CPU.ActiveCfg = Debug|Any CPU
		{F3CD1A4B-A614-4B14-A251-29982B8227E1}.Debug|Any CPU.Build.0 = Debug|Any CPU
		{F3CD1A4B-A614-4B14-A251-29982B8227E1}.Release|Any CPU.ActiveCfg = Release|Any CPU
		{F3CD1A4B-A614-4B14-A251-29982B8227E1}.Release|Any CPU.Build.0 = Release|Any CPU
		{430C8503-8926-4D4F-A228-DB0E65B446A0}.Debug|Any CPU.ActiveCfg = Debug|Any CPU
		{430C8503-8926-4D4F-A228-DB0E65B446A0}.Debug|Any CPU.Build.0 = Debug|Any CPU
		{430C8503-8926-4D4F-A228-DB0E65B446A0}.Release|Any CPU.ActiveCfg = Release|Any CPU
		{430C8503-8926-4D4F-A228-DB0E65B446A0}.Release|Any CPU.Build.0 = Release|Any CPU
		{F58D882B-2381-49EA-B349-7B56925CDA89}.Debug|Any CPU.ActiveCfg = Debug|Any CPU
		{F58D882B-2381-49EA-B349-7B56925CDA89}.Debug|Any CPU.Build.0 = Debug|Any CPU
		{F58D882B-2381-49EA-B349-7B56925CDA89}.Release|Any CPU.ActiveCfg = Release|Any CPU
		{F58D882B-2381-49EA-B349-7B56925CDA89}.Release|Any CPU.Build.0 = Release|Any CPU
		{03EFC1E7-DA4C-486B-8D8D-807F1EC846A5}.Debug|Any CPU.ActiveCfg = Debug|Any CPU
		{03EFC1E7-DA4C-486B-8D8D-807F1EC846A5}.Debug|Any CPU.Build.0 = Debug|Any CPU
		{03EFC1E7-DA4C-486B-8D8D-807F1EC846A5}.Release|Any CPU.ActiveCfg = Release|Any CPU
		{03EFC1E7-DA4C-486B-8D8D-807F1EC846A5}.Release|Any CPU.Build.0 = Release|Any CPU
		{730DEC91-97CE-45F5-BFF2-12BBE37E95E3}.Debug|Any CPU.ActiveCfg = Debug|Any CPU
		{730DEC91-97CE-45F5-BFF2-12BBE37E95E3}.Debug|Any CPU.Build.0 = Debug|Any CPU
		{730DEC91-97CE-45F5-BFF2-12BBE37E95E3}.Release|Any CPU.ActiveCfg = Release|Any CPU
		{730DEC91-97CE-45F5-BFF2-12BBE37E95E3}.Release|Any CPU.Build.0 = Release|Any CPU
		{EBFE906B-11FF-4334-A409-5808F4FBEC04}.Debug|Any CPU.ActiveCfg = Debug|Any CPU
		{EBFE906B-11FF-4334-A409-5808F4FBEC04}.Debug|Any CPU.Build.0 = Debug|Any CPU
		{EBFE906B-11FF-4334-A409-5808F4FBEC04}.Release|Any CPU.ActiveCfg = Release|Any CPU
		{EBFE906B-11FF-4334-A409-5808F4FBEC04}.Release|Any CPU.Build.0 = Release|Any CPU
		{41D10C5C-AD63-493E-AD8E-85F70AF05CD7}.Debug|Any CPU.ActiveCfg = Debug|Any CPU
		{41D10C5C-AD63-493E-AD8E-85F70AF05CD7}.Debug|Any CPU.Build.0 = Debug|Any CPU
		{41D10C5C-AD63-493E-AD8E-85F70AF05CD7}.Release|Any CPU.ActiveCfg = Release|Any CPU
		{41D10C5C-AD63-493E-AD8E-85F70AF05CD7}.Release|Any CPU.Build.0 = Release|Any CPU
		{14BD3135-3C85-409E-A7FF-8C1E0CD2C129}.Debug|Any CPU.ActiveCfg = Debug|Any CPU
		{14BD3135-3C85-409E-A7FF-8C1E0CD2C129}.Debug|Any CPU.Build.0 = Debug|Any CPU
		{14BD3135-3C85-409E-A7FF-8C1E0CD2C129}.Release|Any CPU.ActiveCfg = Release|Any CPU
		{14BD3135-3C85-409E-A7FF-8C1E0CD2C129}.Release|Any CPU.Build.0 = Release|Any CPU
		{033980D5-4B8D-41CD-B05B-D15165F265B4}.Debug|Any CPU.ActiveCfg = Debug|Any CPU
		{033980D5-4B8D-41CD-B05B-D15165F265B4}.Debug|Any CPU.Build.0 = Debug|Any CPU
		{033980D5-4B8D-41CD-B05B-D15165F265B4}.Release|Any CPU.ActiveCfg = Release|Any CPU
		{033980D5-4B8D-41CD-B05B-D15165F265B4}.Release|Any CPU.Build.0 = Release|Any CPU
		{03675BAD-C06E-4D5E-B36C-735E672CA2A6}.Debug|Any CPU.ActiveCfg = Debug|Any CPU
		{03675BAD-C06E-4D5E-B36C-735E672CA2A6}.Debug|Any CPU.Build.0 = Debug|Any CPU
		{03675BAD-C06E-4D5E-B36C-735E672CA2A6}.Release|Any CPU.ActiveCfg = Release|Any CPU
		{03675BAD-C06E-4D5E-B36C-735E672CA2A6}.Release|Any CPU.Build.0 = Release|Any CPU
		{1590D883-0FA3-4669-9C04-10B4EFD19AD8}.Debug|Any CPU.ActiveCfg = Debug|Any CPU
		{1590D883-0FA3-4669-9C04-10B4EFD19AD8}.Debug|Any CPU.Build.0 = Debug|Any CPU
		{1590D883-0FA3-4669-9C04-10B4EFD19AD8}.Release|Any CPU.ActiveCfg = Release|Any CPU
		{1590D883-0FA3-4669-9C04-10B4EFD19AD8}.Release|Any CPU.Build.0 = Release|Any CPU
		{E843E243-554F-4F2F-9C26-206CA9254E93}.Debug|Any CPU.ActiveCfg = Debug|Any CPU
		{E843E243-554F-4F2F-9C26-206CA9254E93}.Debug|Any CPU.Build.0 = Debug|Any CPU
		{E843E243-554F-4F2F-9C26-206CA9254E93}.Release|Any CPU.ActiveCfg = Release|Any CPU
		{E843E243-554F-4F2F-9C26-206CA9254E93}.Release|Any CPU.Build.0 = Release|Any CPU
		{E194A56F-8EC8-4016-BE2F-B9595877DD6F}.Debug|Any CPU.ActiveCfg = Debug|Any CPU
		{E194A56F-8EC8-4016-BE2F-B9595877DD6F}.Debug|Any CPU.Build.0 = Debug|Any CPU
		{E194A56F-8EC8-4016-BE2F-B9595877DD6F}.Release|Any CPU.ActiveCfg = Release|Any CPU
		{E194A56F-8EC8-4016-BE2F-B9595877DD6F}.Release|Any CPU.Build.0 = Release|Any CPU
		{E052BE62-120B-42C2-9DAC-1EC0742C32F5}.Debug|Any CPU.ActiveCfg = Debug|Any CPU
		{E052BE62-120B-42C2-9DAC-1EC0742C32F5}.Debug|Any CPU.Build.0 = Debug|Any CPU
		{E052BE62-120B-42C2-9DAC-1EC0742C32F5}.Release|Any CPU.ActiveCfg = Release|Any CPU
		{E052BE62-120B-42C2-9DAC-1EC0742C32F5}.Release|Any CPU.Build.0 = Release|Any CPU
		{AB080CBE-67FC-4C53-8CB6-35876DE25E4D}.Debug|Any CPU.ActiveCfg = Debug|Any CPU
		{AB080CBE-67FC-4C53-8CB6-35876DE25E4D}.Debug|Any CPU.Build.0 = Debug|Any CPU
		{AB080CBE-67FC-4C53-8CB6-35876DE25E4D}.Release|Any CPU.ActiveCfg = Release|Any CPU
		{AB080CBE-67FC-4C53-8CB6-35876DE25E4D}.Release|Any CPU.Build.0 = Release|Any CPU
		{8195EB82-1FA6-4FCC-9531-037BFFEE732B}.Debug|Any CPU.ActiveCfg = Debug|Any CPU
		{8195EB82-1FA6-4FCC-9531-037BFFEE732B}.Debug|Any CPU.Build.0 = Debug|Any CPU
		{8195EB82-1FA6-4FCC-9531-037BFFEE732B}.Release|Any CPU.ActiveCfg = Release|Any CPU
		{8195EB82-1FA6-4FCC-9531-037BFFEE732B}.Release|Any CPU.Build.0 = Release|Any CPU
		{F1CC17F2-844D-45B1-90E8-91BFE2D44F7A}.Debug|Any CPU.ActiveCfg = Debug|Any CPU
		{F1CC17F2-844D-45B1-90E8-91BFE2D44F7A}.Debug|Any CPU.Build.0 = Debug|Any CPU
		{F1CC17F2-844D-45B1-90E8-91BFE2D44F7A}.Release|Any CPU.ActiveCfg = Release|Any CPU
		{F1CC17F2-844D-45B1-90E8-91BFE2D44F7A}.Release|Any CPU.Build.0 = Release|Any CPU
		{154990BB-BBF4-414F-907C-DCB70B004434}.Debug|Any CPU.ActiveCfg = Debug|Any CPU
		{154990BB-BBF4-414F-907C-DCB70B004434}.Debug|Any CPU.Build.0 = Debug|Any CPU
		{154990BB-BBF4-414F-907C-DCB70B004434}.Release|Any CPU.ActiveCfg = Release|Any CPU
		{154990BB-BBF4-414F-907C-DCB70B004434}.Release|Any CPU.Build.0 = Release|Any CPU
		{2AD3ADF6-3C54-42DF-BAE4-DDE5D3CDCF5E}.Debug|Any CPU.ActiveCfg = Debug|Any CPU
		{2AD3ADF6-3C54-42DF-BAE4-DDE5D3CDCF5E}.Debug|Any CPU.Build.0 = Debug|Any CPU
		{2AD3ADF6-3C54-42DF-BAE4-DDE5D3CDCF5E}.Release|Any CPU.ActiveCfg = Release|Any CPU
		{2AD3ADF6-3C54-42DF-BAE4-DDE5D3CDCF5E}.Release|Any CPU.Build.0 = Release|Any CPU
		{E23DE1C7-A844-41BB-8ABD-4716F8F1169C}.Debug|Any CPU.ActiveCfg = Debug|Any CPU
		{E23DE1C7-A844-41BB-8ABD-4716F8F1169C}.Debug|Any CPU.Build.0 = Debug|Any CPU
		{E23DE1C7-A844-41BB-8ABD-4716F8F1169C}.Release|Any CPU.ActiveCfg = Release|Any CPU
		{E23DE1C7-A844-41BB-8ABD-4716F8F1169C}.Release|Any CPU.Build.0 = Release|Any CPU
		{86CE4C7B-E294-48C4-B2C1-E3A7C9FA8087}.Debug|Any CPU.ActiveCfg = Debug|Any CPU
		{86CE4C7B-E294-48C4-B2C1-E3A7C9FA8087}.Debug|Any CPU.Build.0 = Debug|Any CPU
		{86CE4C7B-E294-48C4-B2C1-E3A7C9FA8087}.Release|Any CPU.ActiveCfg = Release|Any CPU
		{86CE4C7B-E294-48C4-B2C1-E3A7C9FA8087}.Release|Any CPU.Build.0 = Release|Any CPU
		{E2FC30D0-8AD5-4C60-B0C4-382B2C12E540}.Debug|Any CPU.ActiveCfg = Debug|Any CPU
		{E2FC30D0-8AD5-4C60-B0C4-382B2C12E540}.Debug|Any CPU.Build.0 = Debug|Any CPU
		{E2FC30D0-8AD5-4C60-B0C4-382B2C12E540}.Release|Any CPU.ActiveCfg = Release|Any CPU
		{E2FC30D0-8AD5-4C60-B0C4-382B2C12E540}.Release|Any CPU.Build.0 = Release|Any CPU
	EndGlobalSection
	GlobalSection(SolutionProperties) = preSolution
		HideSolutionNode = FALSE
	EndGlobalSection
	GlobalSection(NestedProjects) = preSolution
		{1021E75E-6260-4794-B956-86E63D2F749C} = {DD3C4036-3DD8-4E88-A94C-785586EFDA52}
		{7418BEB0-A003-4B56-9FF3-BA9F06C87407} = {DD3C4036-3DD8-4E88-A94C-785586EFDA52}
		{F3CD1A4B-A614-4B14-A251-29982B8227E1} = {DD3C4036-3DD8-4E88-A94C-785586EFDA52}
		{430C8503-8926-4D4F-A228-DB0E65B446A0} = {01699F56-ECDC-46B4-8F14-52F1162CC528}
		{F58D882B-2381-49EA-B349-7B56925CDA89} = {01699F56-ECDC-46B4-8F14-52F1162CC528}
		{03EFC1E7-DA4C-486B-8D8D-807F1EC846A5} = {01699F56-ECDC-46B4-8F14-52F1162CC528}
		{730DEC91-97CE-45F5-BFF2-12BBE37E95E3} = {42C35FF9-6226-459B-A3B4-5C518E882496}
		{EBFE906B-11FF-4334-A409-5808F4FBEC04} = {42C35FF9-6226-459B-A3B4-5C518E882496}
		{41D10C5C-AD63-493E-AD8E-85F70AF05CD7} = {42C35FF9-6226-459B-A3B4-5C518E882496}
		{14BD3135-3C85-409E-A7FF-8C1E0CD2C129} = {43893CF7-7EB6-4DFD-9B15-0353C89E3876}
		{033980D5-4B8D-41CD-B05B-D15165F265B4} = {43893CF7-7EB6-4DFD-9B15-0353C89E3876}
		{03675BAD-C06E-4D5E-B36C-735E672CA2A6} = {43893CF7-7EB6-4DFD-9B15-0353C89E3876}
		{1590D883-0FA3-4669-9C04-10B4EFD19AD8} = {F8E3ABB3-6B37-4F19-A38F-3BE69C62D067}
		{E843E243-554F-4F2F-9C26-206CA9254E93} = {F8E3ABB3-6B37-4F19-A38F-3BE69C62D067}
		{E194A56F-8EC8-4016-BE2F-B9595877DD6F} = {F8E3ABB3-6B37-4F19-A38F-3BE69C62D067}
		{E052BE62-120B-42C2-9DAC-1EC0742C32F5} = {0B71ADB7-FAFC-4DDA-A6B8-8B5363E8B6A4}
		{AB080CBE-67FC-4C53-8CB6-35876DE25E4D} = {0B71ADB7-FAFC-4DDA-A6B8-8B5363E8B6A4}
		{8195EB82-1FA6-4FCC-9531-037BFFEE732B} = {0B71ADB7-FAFC-4DDA-A6B8-8B5363E8B6A4}
		{F1CC17F2-844D-45B1-90E8-91BFE2D44F7A} = {1B99E734-7E8E-4B67-80AB-B326448153B6}
		{154990BB-BBF4-414F-907C-DCB70B004434} = {1B99E734-7E8E-4B67-80AB-B326448153B6}
		{2AD3ADF6-3C54-42DF-BAE4-DDE5D3CDCF5E} = {1B99E734-7E8E-4B67-80AB-B326448153B6}
		{E23DE1C7-A844-41BB-8ABD-4716F8F1169C} = {3847793B-2694-47D6-A899-4C19B581F305}
		{86CE4C7B-E294-48C4-B2C1-E3A7C9FA8087} = {3847793B-2694-47D6-A899-4C19B581F305}
		{E2FC30D0-8AD5-4C60-B0C4-382B2C12E540} = {3847793B-2694-47D6-A899-4C19B581F305}
	EndGlobalSection
	GlobalSection(ExtensibilityGlobals) = postSolution
		SolutionGuid = {559BDB5B-B9EF-489E-8C58-5FBB4E1DCCCC}
	EndGlobalSection
EndGlobal
